
Microsoft Visual Studio Solution File, Format Version 12.00
# Visual Studio 15
VisualStudioVersion = 15.0.28307.136
MinimumVisualStudioVersion = 10.0.40219.1
Project("{FAE04EC0-301F-11D3-BF4B-00C04F79EFBC}") = "QuickKartDataAccessLayer", "QuickKartDataAccessLayer\QuickKartDataAccessLayer.csproj", "{6A0921BD-E271-487E-8C1D-998D3789C118}"
EndProject
Project("{FAE04EC0-301F-11D3-BF4B-00C04F79EFBC}") = "Infosys.QuickKart.App", "Infosys.QuickKart.App\Infosys.QuickKart.App.csproj", "{5F95DD5F-134B-4C20-BE4A-E98D8B45D460}"
EndProject
Project("{FAE04EC0-301F-11D3-BF4B-00C04F79EFBC}") = "Infosys.QuickKart.Common", "Infosys.QuickKart.Common\Infosys.QuickKart.Common.csproj", "{2B4CD241-5F28-49F0-A813-A2E404B5BED3}"
EndProject
Project("{FAE04EC0-301F-11D3-BF4B-00C04F79EFBC}") = "Infosys.QuickKart.BusinessLayer", "Infosys.QuickKart.BusinessLayer\Infosys.QuickKart.BusinessLayer.csproj", "{A1CD89BC-4917-497C-B6DB-0CA539A535A9}"
EndProject
Project("{FAE04EC0-301F-11D3-BF4B-00C04F79EFBC}") = "NewConsoleApp", "NewConsoleApp\NewConsoleApp.csproj", "{773075DB-D559-4F47-9DC7-23AD616D9DC9}"
EndProject
Project("{FAE04EC0-301F-11D3-BF4B-00C04F79EFBC}") = "Infosys.QuickKart.Services", "Infosys.QuickKart.Services\Infosys.QuickKart.Services.csproj", "{692F0CCC-A426-4FA4-8BA2-18976AFEAD4F}"
EndProject
Project("{FAE04EC0-301F-11D3-BF4B-00C04F79EFBC}") = "Infosys.QuickKart.App.New", "Infosys.QuickKart.App.New\Infosys.QuickKart.App.New.csproj", "{5F1AFA37-BF84-4345-A5FF-EC2218EE9014}"
EndProject
Global
	GlobalSection(SolutionConfigurationPlatforms) = preSolution
		Debug|Any CPU = Debug|Any CPU
		Release|Any CPU = Release|Any CPU
	EndGlobalSection
	GlobalSection(ProjectConfigurationPlatforms) = postSolution
		{6A0921BD-E271-487E-8C1D-998D3789C118}.Debug|Any CPU.ActiveCfg = Debug|Any CPU
		{6A0921BD-E271-487E-8C1D-998D3789C118}.Debug|Any CPU.Build.0 = Debug|Any CPU
		{6A0921BD-E271-487E-8C1D-998D3789C118}.Release|Any CPU.ActiveCfg = Release|Any CPU
		{6A0921BD-E271-487E-8C1D-998D3789C118}.Release|Any CPU.Build.0 = Release|Any CPU
		{5F95DD5F-134B-4C20-BE4A-E98D8B45D460}.Debug|Any CPU.ActiveCfg = Debug|Any CPU
		{5F95DD5F-134B-4C20-BE4A-E98D8B45D460}.Debug|Any CPU.Build.0 = Debug|Any CPU
		{5F95DD5F-134B-4C20-BE4A-E98D8B45D460}.Release|Any CPU.ActiveCfg = Release|Any CPU
		{5F95DD5F-134B-4C20-BE4A-E98D8B45D460}.Release|Any CPU.Build.0 = Release|Any CPU
		{2B4CD241-5F28-49F0-A813-A2E404B5BED3}.Debug|Any CPU.ActiveCfg = Debug|Any CPU
		{2B4CD241-5F28-49F0-A813-A2E404B5BED3}.Debug|Any CPU.Build.0 = Debug|Any CPU
		{2B4CD241-5F28-49F0-A813-A2E404B5BED3}.Release|Any CPU.ActiveCfg = Release|Any CPU
		{2B4CD241-5F28-49F0-A813-A2E404B5BED3}.Release|Any CPU.Build.0 = Release|Any CPU
		{A1CD89BC-4917-497C-B6DB-0CA539A535A9}.Debug|Any CPU.ActiveCfg = Debug|Any CPU
		{A1CD89BC-4917-497C-B6DB-0CA539A535A9}.Debug|Any CPU.Build.0 = Debug|Any CPU
		{A1CD89BC-4917-497C-B6DB-0CA539A535A9}.Release|Any CPU.ActiveCfg = Release|Any CPU
		{A1CD89BC-4917-497C-B6DB-0CA539A535A9}.Release|Any CPU.Build.0 = Release|Any CPU
		{773075DB-D559-4F47-9DC7-23AD616D9DC9}.Debug|Any CPU.ActiveCfg = Debug|Any CPU
		{773075DB-D559-4F47-9DC7-23AD616D9DC9}.Debug|Any CPU.Build.0 = Debug|Any CPU
		{773075DB-D559-4F47-9DC7-23AD616D9DC9}.Release|Any CPU.ActiveCfg = Release|Any CPU
		{773075DB-D559-4F47-9DC7-23AD616D9DC9}.Release|Any CPU.Build.0 = Release|Any CPU
		{692F0CCC-A426-4FA4-8BA2-18976AFEAD4F}.Debug|Any CPU.ActiveCfg = Debug|Any CPU
		{692F0CCC-A426-4FA4-8BA2-18976AFEAD4F}.Debug|Any CPU.Build.0 = Debug|Any CPU
		{692F0CCC-A426-4FA4-8BA2-18976AFEAD4F}.Release|Any CPU.ActiveCfg = Release|Any CPU
		{692F0CCC-A426-4FA4-8BA2-18976AFEAD4F}.Release|Any CPU.Build.0 = Release|Any CPU
		{5F1AFA37-BF84-4345-A5FF-EC2218EE9014}.Debug|Any CPU.ActiveCfg = Debug|Any CPU
		{5F1AFA37-BF84-4345-A5FF-EC2218EE9014}.Debug|Any CPU.Build.0 = Debug|Any CPU
		{5F1AFA37-BF84-4345-A5FF-EC2218EE9014}.Release|Any CPU.ActiveCfg = Release|Any CPU
		{5F1AFA37-BF84-4345-A5FF-EC2218EE9014}.Release|Any CPU.Build.0 = Release|Any CPU
	EndGlobalSection
	GlobalSection(SolutionProperties) = preSolution
		HideSolutionNode = FALSE
	EndGlobalSection
	GlobalSection(ExtensibilityGlobals) = postSolution
		SolutionGuid = {D85D7BE1-3152-408E-AC9D-794F82EE34D2}
	EndGlobalSection
EndGlobal
